
Microsoft Visual Studio Solution File, Format Version 12.00
# Visual Studio Version 17
VisualStudioVersion = 17.5.33516.290
MinimumVisualStudioVersion = 10.0.40219.1
Project("{FAE04EC0-301F-11D3-BF4B-00C04F79EFBC}") = "AutomotrizApp", "AutomotrizApp.csproj", "{81AAC3D7-64AA-4169-AC33-23175549F256}"
EndProject
Project("{9A19103F-16F7-4668-BE54-9A1E7A4F7556}") = "AutomotrizApi", "..\AutomotrizApi\AutomotrizApi.csproj", "{42135D06-B07B-4F19-B338-3497F302CDC9}"
EndProject
Project("{FAE04EC0-301F-11D3-BF4B-00C04F79EFBC}") = "AutomotrizBack", "..\AutomotrizBack\AutomotrizBack.csproj", "{DFC3A475-AD64-49E7-9058-7632D9E244D4}"
EndProject
Project("{FAE04EC0-301F-11D3-BF4B-00C04F79EFBC}") = "AutomotrizFront", "..\AutomotrizFront\AutomotrizFront.csproj", "{88C50CCE-7113-4D6C-AE67-E930F20B530B}"
EndProject
Global
	GlobalSection(SolutionConfigurationPlatforms) = preSolution
		Debug|Any CPU = Debug|Any CPU
		Release|Any CPU = Release|Any CPU
	EndGlobalSection
	GlobalSection(ProjectConfigurationPlatforms) = postSolution
		{81AAC3D7-64AA-4169-AC33-23175549F256}.Debug|Any CPU.ActiveCfg = Debug|Any CPU
		{81AAC3D7-64AA-4169-AC33-23175549F256}.Debug|Any CPU.Build.0 = Debug|Any CPU
		{81AAC3D7-64AA-4169-AC33-23175549F256}.Release|Any CPU.ActiveCfg = Release|Any CPU
		{81AAC3D7-64AA-4169-AC33-23175549F256}.Release|Any CPU.Build.0 = Release|Any CPU
		{42135D06-B07B-4F19-B338-3497F302CDC9}.Debug|Any CPU.ActiveCfg = Debug|Any CPU
		{42135D06-B07B-4F19-B338-3497F302CDC9}.Debug|Any CPU.Build.0 = Debug|Any CPU
		{42135D06-B07B-4F19-B338-3497F302CDC9}.Release|Any CPU.ActiveCfg = Release|Any CPU
		{42135D06-B07B-4F19-B338-3497F302CDC9}.Release|Any CPU.Build.0 = Release|Any CPU
		{DFC3A475-AD64-49E7-9058-7632D9E244D4}.Debug|Any CPU.ActiveCfg = Debug|Any CPU
		{DFC3A475-AD64-49E7-9058-7632D9E244D4}.Debug|Any CPU.Build.0 = Debug|Any CPU
		{DFC3A475-AD64-49E7-9058-7632D9E244D4}.Release|Any CPU.ActiveCfg = Release|Any CPU
		{DFC3A475-AD64-49E7-9058-7632D9E244D4}.Release|Any CPU.Build.0 = Release|Any CPU
		{88C50CCE-7113-4D6C-AE67-E930F20B530B}.Debug|Any CPU.ActiveCfg = Debug|Any CPU
		{88C50CCE-7113-4D6C-AE67-E930F20B530B}.Debug|Any CPU.Build.0 = Debug|Any CPU
		{88C50CCE-7113-4D6C-AE67-E930F20B530B}.Release|Any CPU.ActiveCfg = Release|Any CPU
		{88C50CCE-7113-4D6C-AE67-E930F20B530B}.Release|Any CPU.Build.0 = Release|Any CPU
	EndGlobalSection
	GlobalSection(SolutionProperties) = preSolution
		HideSolutionNode = FALSE
	EndGlobalSection
	GlobalSection(ExtensibilityGlobals) = postSolution
		SolutionGuid = {DFEE47A2-19E3-4860-BA70-D5C9F91810FF}
	EndGlobalSection
EndGlobal
